
Microsoft Visual Studio Solution File, Format Version 12.00
# Visual Studio Version 17
VisualStudioVersion = 17.13.35931.197 d17.13
MinimumVisualStudioVersion = 10.0.40219.1
Project("{FAE04EC0-301F-11D3-BF4B-00C04F79EFBC}") = "trabalho1", "trabalho1.csproj", "{B43E3B86-8573-4418-A04C-048D43932918}"
EndProject
Global
	GlobalSection(SolutionConfigurationPlatforms) = preSolution
		Debug|Any CPU = Debug|Any CPU
		Release|Any CPU = Release|Any CPU
	EndGlobalSection
	GlobalSection(ProjectConfigurationPlatforms) = postSolution
		{B43E3B86-8573-4418-A04C-048D43932918}.Debug|Any CPU.ActiveCfg = Debug|Any CPU
		{B43E3B86-8573-4418-A04C-048D43932918}.Debug|Any CPU.Build.0 = Debug|Any CPU
		{B43E3B86-8573-4418-A04C-048D43932918}.Release|Any CPU.ActiveCfg = Release|Any CPU
		{B43E3B86-8573-4418-A04C-048D43932918}.Release|Any CPU.Build.0 = Release|Any CPU
	EndGlobalSection
	GlobalSection(SolutionProperties) = preSolution
		HideSolutionNode = FALSE
	EndGlobalSection
	GlobalSection(ExtensibilityGlobals) = postSolution
		SolutionGuid = {44FC54A3-FF28-4871-9932-97602BF888E7}
	EndGlobalSection
EndGlobal
